
Microsoft Visual Studio Solution File, Format Version 12.00
# Visual Studio Version 16
VisualStudioVersion = 25.0.1706.12
MinimumVisualStudioVersion = 10.0.40219.1
Project("{FAE04EC0-301F-11D3-BF4B-00C04F79EFBC}") = "dcit318-assignment2-10975134", "dcit318-assignment2-10975134\dcit318-assignment2-10975134.csproj", "{F364EB45-856B-4D5B-8001-80CB013CCB77}"
EndProject
Global
	GlobalSection(SolutionConfigurationPlatforms) = preSolution
		Debug|Any CPU = Debug|Any CPU
		Release|Any CPU = Release|Any CPU
	EndGlobalSection
	GlobalSection(ProjectConfigurationPlatforms) = postSolution
		{F364EB45-856B-4D5B-8001-80CB013CCB77}.Debug|Any CPU.ActiveCfg = Debug|Any CPU
		{F364EB45-856B-4D5B-8001-80CB013CCB77}.Debug|Any CPU.Build.0 = Debug|Any CPU
		{F364EB45-856B-4D5B-8001-80CB013CCB77}.Release|Any CPU.ActiveCfg = Release|Any CPU
		{F364EB45-856B-4D5B-8001-80CB013CCB77}.Release|Any CPU.Build.0 = Release|Any CPU
	EndGlobalSection
	GlobalSection(SolutionProperties) = preSolution
		HideSolutionNode = FALSE
	EndGlobalSection
	GlobalSection(ExtensibilityGlobals) = postSolution
		SolutionGuid = {A5A07762-6105-40CE-B910-701F2788B08E}
	EndGlobalSection
EndGlobal
